
Microsoft Visual Studio Solution File, Format Version 12.00
# Visual Studio 15
VisualStudioVersion = 15.0.28307.757
MinimumVisualStudioVersion = 10.0.40219.1
Project("{FAE04EC0-301F-11D3-BF4B-00C04F79EFBC}") = "GUI", "GUI\GUI.csproj", "{18A63625-E9BB-482C-ABAE-DF54FDB27B06}"
EndProject
Project("{FAE04EC0-301F-11D3-BF4B-00C04F79EFBC}") = "Operacoes", "Operacoes\Operacoes.csproj", "{BA8D4B79-A798-450B-938E-81822598D2E4}"
EndProject
Global
	GlobalSection(SolutionConfigurationPlatforms) = preSolution
		Debug|Any CPU = Debug|Any CPU
		Release|Any CPU = Release|Any CPU
	EndGlobalSection
	GlobalSection(ProjectConfigurationPlatforms) = postSolution
		{18A63625-E9BB-482C-ABAE-DF54FDB27B06}.Debug|Any CPU.ActiveCfg = Debug|Any CPU
		{18A63625-E9BB-482C-ABAE-DF54FDB27B06}.Debug|Any CPU.Build.0 = Debug|Any CPU
		{18A63625-E9BB-482C-ABAE-DF54FDB27B06}.Release|Any CPU.ActiveCfg = Release|Any CPU
		{18A63625-E9BB-482C-ABAE-DF54FDB27B06}.Release|Any CPU.Build.0 = Release|Any CPU
		{BA8D4B79-A798-450B-938E-81822598D2E4}.Debug|Any CPU.ActiveCfg = Debug|Any CPU
		{BA8D4B79-A798-450B-938E-81822598D2E4}.Debug|Any CPU.Build.0 = Debug|Any CPU
		{BA8D4B79-A798-450B-938E-81822598D2E4}.Release|Any CPU.ActiveCfg = Release|Any CPU
		{BA8D4B79-A798-450B-938E-81822598D2E4}.Release|Any CPU.Build.0 = Release|Any CPU
	EndGlobalSection
	GlobalSection(SolutionProperties) = preSolution
		HideSolutionNode = FALSE
	EndGlobalSection
	GlobalSection(ExtensibilityGlobals) = postSolution
		SolutionGuid = {F93D53FB-BAD7-4114-9A4B-9EAB555A64DD}
	EndGlobalSection
EndGlobal
